
Microsoft Visual Studio Solution File, Format Version 12.00
# Visual Studio Version 17
VisualStudioVersion = 17.13.35825.156
MinimumVisualStudioVersion = 10.0.40219.1
Project("{FAE04EC0-301F-11D3-BF4B-00C04F79EFBC}") = "CommerceCQRS.Host", "CommerceCQRS.Host\CommerceCQRS.Host.csproj", "{86355D65-5AF3-49D9-B576-7FA85140D483}"
EndProject
Project("{FAE04EC0-301F-11D3-BF4B-00C04F79EFBC}") = "CommerceCQRS.Api", "CommerceCQRS.Api\CommerceCQRS.Api.csproj", "{4F182EFF-083F-47A8-9F64-2AF3848FE3CE}"
EndProject
Project("{2150E333-8FDC-42A3-9474-1A3956D46DE8}") = "Services", "Services", "{02EA681E-C7D8-13C7-8484-4AC65E1B71E8}"
EndProject
Project("{2150E333-8FDC-42A3-9474-1A3956D46DE8}") = "Products", "Products", "{476EE982-D513-4A25-B988-2479F42A6E73}"
EndProject
Project("{FAE04EC0-301F-11D3-BF4B-00C04F79EFBC}") = "CommerceCQRS.Products.Application", "CommerceCQRS.Products.Application\CommerceCQRS.Products.Application.csproj", "{B4BB2DA0-AE1C-4B13-83C1-31E894B1621C}"
EndProject
Project("{FAE04EC0-301F-11D3-BF4B-00C04F79EFBC}") = "CommerceCQRS.Products.Infrastructure", "CommerceCQRS.Products.Infrastructure\CommerceCQRS.Products.Infrastructure.csproj", "{B8F0747F-B7D9-4988-A615-35AC4F81C4EB}"
EndProject
Project("{FAE04EC0-301F-11D3-BF4B-00C04F79EFBC}") = "CommerceCQRS.Products.Contracts", "CommerceCQRS.Products.Contracts\CommerceCQRS.Products.Contracts.csproj", "{ACDCB6BC-D278-48C1-94F1-18167AF78D7B}"
EndProject
Project("{2150E333-8FDC-42A3-9474-1A3956D46DE8}") = "Shared", "Shared", "{3E530585-31C5-4683-A5A6-738965A31BE3}"
EndProject
Project("{FAE04EC0-301F-11D3-BF4B-00C04F79EFBC}") = "CommerceCQRS.Services.Shared.Application", "CommerceCQRS.Services.Shared.Application\CommerceCQRS.Services.Shared.Application.csproj", "{DDE12CE9-337B-492A-87DC-EB606EDF5977}"
EndProject
Project("{2150E333-8FDC-42A3-9474-1A3956D46DE8}") = "Cart", "Cart", "{BBCB9F21-6B1D-4A0B-9C26-4C7C53239FAF}"
EndProject
Project("{2150E333-8FDC-42A3-9474-1A3956D46DE8}") = "Read", "Read", "{85EF2FE6-BC2B-4363-8EA0-4A53239CC6CA}"
EndProject
Project("{2150E333-8FDC-42A3-9474-1A3956D46DE8}") = "Write", "Write", "{DE0AA3F0-EB5D-4C65-9EE8-F07BB2D19F8D}"
EndProject
Project("{FAE04EC0-301F-11D3-BF4B-00C04F79EFBC}") = "CommerceCQRS.Cart.Write.Domain", "CommerceCQRS.Cart.Write.Domain\CommerceCQRS.Cart.Write.Domain.csproj", "{F7577C7B-9626-4346-B641-28800A4AEA50}"
EndProject
Project("{FAE04EC0-301F-11D3-BF4B-00C04F79EFBC}") = "CommerceCQRS.Cart.Read.Application", "CommerceCQRS.Cart.Read.Application\CommerceCQRS.Cart.Read.Application.csproj", "{76AC9CE2-1768-4066-AB6F-4DB81C78F14F}"
EndProject
Project("{FAE04EC0-301F-11D3-BF4B-00C04F79EFBC}") = "CommerceCQRS.Cart.Write.Application", "CommerceCQRS.Cart.Write.Application\CommerceCQRS.Cart.Write.Application.csproj", "{E7B5F235-5228-4B1D-A8C1-FE996D54EDF0}"
EndProject
Project("{FAE04EC0-301F-11D3-BF4B-00C04F79EFBC}") = "CommerceCQRS.Cart.Write.Infrastructure", "CommerceCQRS.Cart.Write.Infrastructure\CommerceCQRS.Cart.Write.Infrastructure.csproj", "{26C7B455-C0D2-4F60-AD27-E5EF44D6444E}"
EndProject
Project("{FAE04EC0-301F-11D3-BF4B-00C04F79EFBC}") = "CommerceCQRS.Cart.Read.Infrastructure", "CommerceCQRS.Cart.Read.Infrastructure\CommerceCQRS.Cart.Read.Infrastructure.csproj", "{06F31371-9F3E-40D9-BC2A-6BCC81BD8D8A}"
EndProject
Project("{FAE04EC0-301F-11D3-BF4B-00C04F79EFBC}") = "CommerceCQRS.Services.Shared.Domain", "CommerceCQRS.Services.Shared.Domain\CommerceCQRS.Services.Shared.Domain.csproj", "{D4C0EC06-365A-4DB8-B1FC-7C9204B2DDF6}"
EndProject
Project("{FAE04EC0-301F-11D3-BF4B-00C04F79EFBC}") = "CommerceCQRS.Cart.Read.Contracts", "CommerceCQRS.Cart.Read.Contracts\CommerceCQRS.Cart.Read.Contracts.csproj", "{80A30960-111B-415F-8E15-4132514B74F4}"
EndProject
Project("{FAE04EC0-301F-11D3-BF4B-00C04F79EFBC}") = "CommerceCQRS.Services.Shared.Infrastructure", "CommerceCQRS.Services.Shared.Infrastructure\CommerceCQRS.Services.Shared.Infrastructure.csproj", "{43E44DE7-368C-40A8-B846-2FFF13375157}"
EndProject
Project("{FAE04EC0-301F-11D3-BF4B-00C04F79EFBC}") = "CommerceCQRS.BackgroundWorker", "CommerceCQRS.BackgroundWorker\CommerceCQRS.BackgroundWorker.csproj", "{C874F9FE-FB12-447D-BF8D-D97CE3259AAE}"
EndProject
Project("{2150E333-8FDC-42A3-9474-1A3956D46DE8}") = "BackgrounWorkers", "BackgrounWorkers", "{4B3EA510-6F65-4EE8-8643-1265D167CAAC}"
EndProject
Project("{FAE04EC0-301F-11D3-BF4B-00C04F79EFBC}") = "CommerceCQRS.BackgroundWorker.Application", "CommerceCQRS.BackgroundWorker.Application\CommerceCQRS.BackgroundWorker.Application.csproj", "{CF33DC87-7355-46C8-8E7E-B02BD0D99C1F}"
EndProject
Project("{FAE04EC0-301F-11D3-BF4B-00C04F79EFBC}") = "CommerceCQRS.BackgroundWorker.Infrastructure", "CommerceCQRS.BackgroundWorker.Infrastructure\CommerceCQRS.BackgroundWorker.Infrastructure.csproj", "{E654B75B-F5CC-46D7-A183-1A72B3CAD0F2}"
EndProject
Project("{FAE04EC0-301F-11D3-BF4B-00C04F79EFBC}") = "CommerceCQRS.Services.Shared.Messaging", "CommerceCQRS.Services.Shared.Messaging\CommerceCQRS.Services.Shared.Messaging.csproj", "{E8060273-44A2-4A50-9E0B-BD3EC50CD397}"
EndProject
Global
	GlobalSection(SolutionConfigurationPlatforms) = preSolution
		Debug|Any CPU = Debug|Any CPU
		Release|Any CPU = Release|Any CPU
	EndGlobalSection
	GlobalSection(ProjectConfigurationPlatforms) = postSolution
		{86355D65-5AF3-49D9-B576-7FA85140D483}.Debug|Any CPU.ActiveCfg = Debug|Any CPU
		{86355D65-5AF3-49D9-B576-7FA85140D483}.Debug|Any CPU.Build.0 = Debug|Any CPU
		{86355D65-5AF3-49D9-B576-7FA85140D483}.Release|Any CPU.ActiveCfg = Release|Any CPU
		{86355D65-5AF3-49D9-B576-7FA85140D483}.Release|Any CPU.Build.0 = Release|Any CPU
		{4F182EFF-083F-47A8-9F64-2AF3848FE3CE}.Debug|Any CPU.ActiveCfg = Debug|Any CPU
		{4F182EFF-083F-47A8-9F64-2AF3848FE3CE}.Debug|Any CPU.Build.0 = Debug|Any CPU
		{4F182EFF-083F-47A8-9F64-2AF3848FE3CE}.Release|Any CPU.ActiveCfg = Release|Any CPU
		{4F182EFF-083F-47A8-9F64-2AF3848FE3CE}.Release|Any CPU.Build.0 = Release|Any CPU
		{B4BB2DA0-AE1C-4B13-83C1-31E894B1621C}.Debug|Any CPU.ActiveCfg = Debug|Any CPU
		{B4BB2DA0-AE1C-4B13-83C1-31E894B1621C}.Debug|Any CPU.Build.0 = Debug|Any CPU
		{B4BB2DA0-AE1C-4B13-83C1-31E894B1621C}.Release|Any CPU.ActiveCfg = Release|Any CPU
		{B4BB2DA0-AE1C-4B13-83C1-31E894B1621C}.Release|Any CPU.Build.0 = Release|Any CPU
		{B8F0747F-B7D9-4988-A615-35AC4F81C4EB}.Debug|Any CPU.ActiveCfg = Debug|Any CPU
		{B8F0747F-B7D9-4988-A615-35AC4F81C4EB}.Debug|Any CPU.Build.0 = Debug|Any CPU
		{B8F0747F-B7D9-4988-A615-35AC4F81C4EB}.Release|Any CPU.ActiveCfg = Release|Any CPU
		{B8F0747F-B7D9-4988-A615-35AC4F81C4EB}.Release|Any CPU.Build.0 = Release|Any CPU
		{ACDCB6BC-D278-48C1-94F1-18167AF78D7B}.Debug|Any CPU.ActiveCfg = Debug|Any CPU
		{ACDCB6BC-D278-48C1-94F1-18167AF78D7B}.Debug|Any CPU.Build.0 = Debug|Any CPU
		{ACDCB6BC-D278-48C1-94F1-18167AF78D7B}.Release|Any CPU.ActiveCfg = Release|Any CPU
		{ACDCB6BC-D278-48C1-94F1-18167AF78D7B}.Release|Any CPU.Build.0 = Release|Any CPU
		{DDE12CE9-337B-492A-87DC-EB606EDF5977}.Debug|Any CPU.ActiveCfg = Debug|Any CPU
		{DDE12CE9-337B-492A-87DC-EB606EDF5977}.Debug|Any CPU.Build.0 = Debug|Any CPU
		{DDE12CE9-337B-492A-87DC-EB606EDF5977}.Release|Any CPU.ActiveCfg = Release|Any CPU
		{DDE12CE9-337B-492A-87DC-EB606EDF5977}.Release|Any CPU.Build.0 = Release|Any CPU
		{F7577C7B-9626-4346-B641-28800A4AEA50}.Debug|Any CPU.ActiveCfg = Debug|Any CPU
		{F7577C7B-9626-4346-B641-28800A4AEA50}.Debug|Any CPU.Build.0 = Debug|Any CPU
		{F7577C7B-9626-4346-B641-28800A4AEA50}.Release|Any CPU.ActiveCfg = Release|Any CPU
		{F7577C7B-9626-4346-B641-28800A4AEA50}.Release|Any CPU.Build.0 = Release|Any CPU
		{76AC9CE2-1768-4066-AB6F-4DB81C78F14F}.Debug|Any CPU.ActiveCfg = Debug|Any CPU
		{76AC9CE2-1768-4066-AB6F-4DB81C78F14F}.Debug|Any CPU.Build.0 = Debug|Any CPU
		{76AC9CE2-1768-4066-AB6F-4DB81C78F14F}.Release|Any CPU.ActiveCfg = Release|Any CPU
		{76AC9CE2-1768-4066-AB6F-4DB81C78F14F}.Release|Any CPU.Build.0 = Release|Any CPU
		{E7B5F235-5228-4B1D-A8C1-FE996D54EDF0}.Debug|Any CPU.ActiveCfg = Debug|Any CPU
		{E7B5F235-5228-4B1D-A8C1-FE996D54EDF0}.Debug|Any CPU.Build.0 = Debug|Any CPU
		{E7B5F235-5228-4B1D-A8C1-FE996D54EDF0}.Release|Any CPU.ActiveCfg = Release|Any CPU
		{E7B5F235-5228-4B1D-A8C1-FE996D54EDF0}.Release|Any CPU.Build.0 = Release|Any CPU
		{26C7B455-C0D2-4F60-AD27-E5EF44D6444E}.Debug|Any CPU.ActiveCfg = Debug|Any CPU
		{26C7B455-C0D2-4F60-AD27-E5EF44D6444E}.Debug|Any CPU.Build.0 = Debug|Any CPU
		{26C7B455-C0D2-4F60-AD27-E5EF44D6444E}.Release|Any CPU.ActiveCfg = Release|Any CPU
		{26C7B455-C0D2-4F60-AD27-E5EF44D6444E}.Release|Any CPU.Build.0 = Release|Any CPU
		{06F31371-9F3E-40D9-BC2A-6BCC81BD8D8A}.Debug|Any CPU.ActiveCfg = Debug|Any CPU
		{06F31371-9F3E-40D9-BC2A-6BCC81BD8D8A}.Debug|Any CPU.Build.0 = Debug|Any CPU
		{06F31371-9F3E-40D9-BC2A-6BCC81BD8D8A}.Release|Any CPU.ActiveCfg = Release|Any CPU
		{06F31371-9F3E-40D9-BC2A-6BCC81BD8D8A}.Release|Any CPU.Build.0 = Release|Any CPU
		{D4C0EC06-365A-4DB8-B1FC-7C9204B2DDF6}.Debug|Any CPU.ActiveCfg = Debug|Any CPU
		{D4C0EC06-365A-4DB8-B1FC-7C9204B2DDF6}.Debug|Any CPU.Build.0 = Debug|Any CPU
		{D4C0EC06-365A-4DB8-B1FC-7C9204B2DDF6}.Release|Any CPU.ActiveCfg = Release|Any CPU
		{D4C0EC06-365A-4DB8-B1FC-7C9204B2DDF6}.Release|Any CPU.Build.0 = Release|Any CPU
		{80A30960-111B-415F-8E15-4132514B74F4}.Debug|Any CPU.ActiveCfg = Debug|Any CPU
		{80A30960-111B-415F-8E15-4132514B74F4}.Debug|Any CPU.Build.0 = Debug|Any CPU
		{80A30960-111B-415F-8E15-4132514B74F4}.Release|Any CPU.ActiveCfg = Release|Any CPU
		{80A30960-111B-415F-8E15-4132514B74F4}.Release|Any CPU.Build.0 = Release|Any CPU
		{43E44DE7-368C-40A8-B846-2FFF13375157}.Debug|Any CPU.ActiveCfg = Debug|Any CPU
		{43E44DE7-368C-40A8-B846-2FFF13375157}.Debug|Any CPU.Build.0 = Debug|Any CPU
		{43E44DE7-368C-40A8-B846-2FFF13375157}.Release|Any CPU.ActiveCfg = Release|Any CPU
		{43E44DE7-368C-40A8-B846-2FFF13375157}.Release|Any CPU.Build.0 = Release|Any CPU
		{C874F9FE-FB12-447D-BF8D-D97CE3259AAE}.Debug|Any CPU.ActiveCfg = Debug|Any CPU
		{C874F9FE-FB12-447D-BF8D-D97CE3259AAE}.Debug|Any CPU.Build.0 = Debug|Any CPU
		{C874F9FE-FB12-447D-BF8D-D97CE3259AAE}.Release|Any CPU.ActiveCfg = Release|Any CPU
		{C874F9FE-FB12-447D-BF8D-D97CE3259AAE}.Release|Any CPU.Build.0 = Release|Any CPU
		{CF33DC87-7355-46C8-8E7E-B02BD0D99C1F}.Debug|Any CPU.ActiveCfg = Debug|Any CPU
		{CF33DC87-7355-46C8-8E7E-B02BD0D99C1F}.Debug|Any CPU.Build.0 = Debug|Any CPU
		{CF33DC87-7355-46C8-8E7E-B02BD0D99C1F}.Release|Any CPU.ActiveCfg = Release|Any CPU
		{CF33DC87-7355-46C8-8E7E-B02BD0D99C1F}.Release|Any CPU.Build.0 = Release|Any CPU
		{E654B75B-F5CC-46D7-A183-1A72B3CAD0F2}.Debug|Any CPU.ActiveCfg = Debug|Any CPU
		{E654B75B-F5CC-46D7-A183-1A72B3CAD0F2}.Debug|Any CPU.Build.0 = Debug|Any CPU
		{E654B75B-F5CC-46D7-A183-1A72B3CAD0F2}.Release|Any CPU.ActiveCfg = Release|Any CPU
		{E654B75B-F5CC-46D7-A183-1A72B3CAD0F2}.Release|Any CPU.Build.0 = Release|Any CPU
		{E8060273-44A2-4A50-9E0B-BD3EC50CD397}.Debug|Any CPU.ActiveCfg = Debug|Any CPU
		{E8060273-44A2-4A50-9E0B-BD3EC50CD397}.Debug|Any CPU.Build.0 = Debug|Any CPU
		{E8060273-44A2-4A50-9E0B-BD3EC50CD397}.Release|Any CPU.ActiveCfg = Release|Any CPU
		{E8060273-44A2-4A50-9E0B-BD3EC50CD397}.Release|Any CPU.Build.0 = Release|Any CPU
	EndGlobalSection
	GlobalSection(SolutionProperties) = preSolution
		HideSolutionNode = FALSE
	EndGlobalSection
	GlobalSection(NestedProjects) = preSolution
		{476EE982-D513-4A25-B988-2479F42A6E73} = {02EA681E-C7D8-13C7-8484-4AC65E1B71E8}
		{B4BB2DA0-AE1C-4B13-83C1-31E894B1621C} = {476EE982-D513-4A25-B988-2479F42A6E73}
		{B8F0747F-B7D9-4988-A615-35AC4F81C4EB} = {476EE982-D513-4A25-B988-2479F42A6E73}
		{ACDCB6BC-D278-48C1-94F1-18167AF78D7B} = {476EE982-D513-4A25-B988-2479F42A6E73}
		{3E530585-31C5-4683-A5A6-738965A31BE3} = {02EA681E-C7D8-13C7-8484-4AC65E1B71E8}
		{DDE12CE9-337B-492A-87DC-EB606EDF5977} = {3E530585-31C5-4683-A5A6-738965A31BE3}
		{BBCB9F21-6B1D-4A0B-9C26-4C7C53239FAF} = {02EA681E-C7D8-13C7-8484-4AC65E1B71E8}
		{85EF2FE6-BC2B-4363-8EA0-4A53239CC6CA} = {BBCB9F21-6B1D-4A0B-9C26-4C7C53239FAF}
		{DE0AA3F0-EB5D-4C65-9EE8-F07BB2D19F8D} = {BBCB9F21-6B1D-4A0B-9C26-4C7C53239FAF}
		{F7577C7B-9626-4346-B641-28800A4AEA50} = {DE0AA3F0-EB5D-4C65-9EE8-F07BB2D19F8D}
		{76AC9CE2-1768-4066-AB6F-4DB81C78F14F} = {85EF2FE6-BC2B-4363-8EA0-4A53239CC6CA}
		{E7B5F235-5228-4B1D-A8C1-FE996D54EDF0} = {DE0AA3F0-EB5D-4C65-9EE8-F07BB2D19F8D}
		{26C7B455-C0D2-4F60-AD27-E5EF44D6444E} = {DE0AA3F0-EB5D-4C65-9EE8-F07BB2D19F8D}
		{06F31371-9F3E-40D9-BC2A-6BCC81BD8D8A} = {85EF2FE6-BC2B-4363-8EA0-4A53239CC6CA}
		{D4C0EC06-365A-4DB8-B1FC-7C9204B2DDF6} = {3E530585-31C5-4683-A5A6-738965A31BE3}
		{80A30960-111B-415F-8E15-4132514B74F4} = {85EF2FE6-BC2B-4363-8EA0-4A53239CC6CA}
		{43E44DE7-368C-40A8-B846-2FFF13375157} = {3E530585-31C5-4683-A5A6-738965A31BE3}
		{C874F9FE-FB12-447D-BF8D-D97CE3259AAE} = {4B3EA510-6F65-4EE8-8643-1265D167CAAC}
		{CF33DC87-7355-46C8-8E7E-B02BD0D99C1F} = {4B3EA510-6F65-4EE8-8643-1265D167CAAC}
		{E654B75B-F5CC-46D7-A183-1A72B3CAD0F2} = {4B3EA510-6F65-4EE8-8643-1265D167CAAC}
		{E8060273-44A2-4A50-9E0B-BD3EC50CD397} = {3E530585-31C5-4683-A5A6-738965A31BE3}
	EndGlobalSection
	GlobalSection(ExtensibilityGlobals) = postSolution
		SolutionGuid = {5664EC71-83A4-4184-869E-88B540C56F94}
	EndGlobalSection
EndGlobal
